
Microsoft Visual Studio Solution File, Format Version 12.00
# Visual Studio Version 16
VisualStudioVersion = 16.0.29806.167
MinimumVisualStudioVersion = 10.0.40219.1
Project("{FAE04EC0-301F-11D3-BF4B-00C04F79EFBC}") = "BasicExercisesOne", "BasicExercisesOne\BasicExercisesOne.csproj", "{46CA3080-355F-4FF1-91BB-3C9B63D239C4}"
EndProject
Project("{FAE04EC0-301F-11D3-BF4B-00C04F79EFBC}") = "MethodUnitTests", "MethodUnitTests\MethodUnitTests.csproj", "{8F85BF2C-C120-4887-98C7-A1F91791038C}"
EndProject
Global
	GlobalSection(SolutionConfigurationPlatforms) = preSolution
		Debug|Any CPU = Debug|Any CPU
		Release|Any CPU = Release|Any CPU
	EndGlobalSection
	GlobalSection(ProjectConfigurationPlatforms) = postSolution
		{46CA3080-355F-4FF1-91BB-3C9B63D239C4}.Debug|Any CPU.ActiveCfg = Debug|Any CPU
		{46CA3080-355F-4FF1-91BB-3C9B63D239C4}.Debug|Any CPU.Build.0 = Debug|Any CPU
		{46CA3080-355F-4FF1-91BB-3C9B63D239C4}.Release|Any CPU.ActiveCfg = Release|Any CPU
		{46CA3080-355F-4FF1-91BB-3C9B63D239C4}.Release|Any CPU.Build.0 = Release|Any CPU
		{8F85BF2C-C120-4887-98C7-A1F91791038C}.Debug|Any CPU.ActiveCfg = Debug|Any CPU
		{8F85BF2C-C120-4887-98C7-A1F91791038C}.Debug|Any CPU.Build.0 = Debug|Any CPU
		{8F85BF2C-C120-4887-98C7-A1F91791038C}.Release|Any CPU.ActiveCfg = Release|Any CPU
		{8F85BF2C-C120-4887-98C7-A1F91791038C}.Release|Any CPU.Build.0 = Release|Any CPU
	EndGlobalSection
	GlobalSection(SolutionProperties) = preSolution
		HideSolutionNode = FALSE
	EndGlobalSection
	GlobalSection(ExtensibilityGlobals) = postSolution
		SolutionGuid = {DA5E7CEA-DFEB-408D-8577-D74DE22FA977}
	EndGlobalSection
EndGlobal
