
Microsoft Visual Studio Solution File, Format Version 12.00
# Visual Studio Version 16
VisualStudioVersion = 16.0.29806.167
MinimumVisualStudioVersion = 10.0.40219.1
Project("{FAE04EC0-301F-11D3-BF4B-00C04F79EFBC}") = "ListCollections", "ListCollections\ListCollections.csproj", "{C90DCC5D-CC18-44BF-842B-E62EB18FE726}"
EndProject
Global
	GlobalSection(SolutionConfigurationPlatforms) = preSolution
		Debug|Any CPU = Debug|Any CPU
		Release|Any CPU = Release|Any CPU
	EndGlobalSection
	GlobalSection(ProjectConfigurationPlatforms) = postSolution
		{C90DCC5D-CC18-44BF-842B-E62EB18FE726}.Debug|Any CPU.ActiveCfg = Debug|Any CPU
		{C90DCC5D-CC18-44BF-842B-E62EB18FE726}.Debug|Any CPU.Build.0 = Debug|Any CPU
		{C90DCC5D-CC18-44BF-842B-E62EB18FE726}.Release|Any CPU.ActiveCfg = Release|Any CPU
		{C90DCC5D-CC18-44BF-842B-E62EB18FE726}.Release|Any CPU.Build.0 = Release|Any CPU
	EndGlobalSection
	GlobalSection(SolutionProperties) = preSolution
		HideSolutionNode = FALSE
	EndGlobalSection
	GlobalSection(ExtensibilityGlobals) = postSolution
		SolutionGuid = {987D7135-D569-4D01-A8BA-60B7E6C9D74F}
	EndGlobalSection
EndGlobal
